// !$*UTF8*$!
{
	archiveVersion = 1;
	classes = {
	};
	objectVersion = 56;
	objects = {

/* Begin PBXBuildFile section */
		85790D9029B438DF00E3B87F /* ImagePicker.swift in Sources */ = {isa = PBXBuildFile; fileRef = 85790D8F29B438DF00E3B87F /* ImagePicker.swift */; };
		85790D9229B4390800E3B87F /* ImagePickerCoordinator.swift in Sources */ = {isa = PBXBuildFile; fileRef = 85790D9129B4390800E3B87F /* ImagePickerCoordinator.swift */; };
		85790D9729B46D5A00E3B87F /* String.swift in Sources */ = {isa = PBXBuildFile; fileRef = 85790D9629B46D5A00E3B87F /* String.swift */; };
		85790D9929B46E3500E3B87F /* TextFieldError.swift in Sources */ = {isa = PBXBuildFile; fileRef = 85790D9829B46E3500E3B87F /* TextFieldError.swift */; };
		85790D9D29B4702300E3B87F /* ServyTextFieldView.swift in Sources */ = {isa = PBXBuildFile; fileRef = 85790D9C29B4702300E3B87F /* ServyTextFieldView.swift */; };
		85790D9F29B52C2E00E3B87F /* PostImageView.swift in Sources */ = {isa = PBXBuildFile; fileRef = 85790D9E29B52C2E00E3B87F /* PostImageView.swift */; };
		858728A929B572A4004492B3 /* ImagePickerView.swift in Sources */ = {isa = PBXBuildFile; fileRef = 858728A829B572A4004492B3 /* ImagePickerView.swift */; };
		858728AE29B6296B004492B3 /* OpenSans_Condensed-SemiBold.ttf in Resources */ = {isa = PBXBuildFile; fileRef = 858728AA29B6296A004492B3 /* OpenSans_Condensed-SemiBold.ttf */; };
		858728AF29B6296B004492B3 /* OpenSans_Condensed-Regular.ttf in Resources */ = {isa = PBXBuildFile; fileRef = 858728AB29B6296A004492B3 /* OpenSans_Condensed-Regular.ttf */; };
		858728B029B6296B004492B3 /* OpenSans_Condensed-Light.ttf in Resources */ = {isa = PBXBuildFile; fileRef = 858728AC29B6296A004492B3 /* OpenSans_Condensed-Light.ttf */; };
		858728B129B6296B004492B3 /* OpenSans_Condensed-Bold.ttf in Resources */ = {isa = PBXBuildFile; fileRef = 858728AD29B6296B004492B3 /* OpenSans_Condensed-Bold.ttf */; };
		858728B329B62E5C004492B3 /* OpenSans_Condensed-ExtraBold.ttf in Resources */ = {isa = PBXBuildFile; fileRef = 858728B229B62E5C004492B3 /* OpenSans_Condensed-ExtraBold.ttf */; };
		85BD7E3929B3409000623732 /* InfoView.swift in Sources */ = {isa = PBXBuildFile; fileRef = 85BD7E3829B3409000623732 /* InfoView.swift */; };
		85BD7E3C29B3427A00623732 /* PhotoView.swift in Sources */ = {isa = PBXBuildFile; fileRef = 85BD7E3B29B3427A00623732 /* PhotoView.swift */; };
		85BD7E3F29B345D100623732 /* PostItemView.swift in Sources */ = {isa = PBXBuildFile; fileRef = 85BD7E3E29B345D100623732 /* PostItemView.swift */; };
		85BD7E4129B345FB00623732 /* PostItemViewModel.swift in Sources */ = {isa = PBXBuildFile; fileRef = 85BD7E4029B345FB00623732 /* PostItemViewModel.swift */; };
		85BD7E4429B3461700623732 /* PostItemCoordinator.swift in Sources */ = {isa = PBXBuildFile; fileRef = 85BD7E4329B3461700623732 /* PostItemCoordinator.swift */; };
		85BD7E4729B3B83300623732 /* CameraView.swift in Sources */ = {isa = PBXBuildFile; fileRef = 85BD7E4629B3B83300623732 /* CameraView.swift */; };
		85BD7E4929B3B85300623732 /* CameraViewModel.swift in Sources */ = {isa = PBXBuildFile; fileRef = 85BD7E4829B3B85300623732 /* CameraViewModel.swift */; };
		85BD7E4B29B3B86F00623732 /* CameraCoordinator.swift in Sources */ = {isa = PBXBuildFile; fileRef = 85BD7E4A29B3B86F00623732 /* CameraCoordinator.swift */; };
		85BD7E5029B3C19F00623732 /* MultilineTextField.swift in Sources */ = {isa = PBXBuildFile; fileRef = 85BD7E4F29B3C19F00623732 /* MultilineTextField.swift */; };
		85CA417B29B25B010018802B /* TodoServy_App.swift in Sources */ = {isa = PBXBuildFile; fileRef = 85CA417A29B25B010018802B /* TodoServy_App.swift */; };
		85CA417F29B25B020018802B /* Assets.xcassets in Resources */ = {isa = PBXBuildFile; fileRef = 85CA417E29B25B020018802B /* Assets.xcassets */; };
		85CA418229B25B020018802B /* Preview Assets.xcassets in Resources */ = {isa = PBXBuildFile; fileRef = 85CA418129B25B020018802B /* Preview Assets.xcassets */; };
		85CA418B29B25BE70018802B /* BusinessListView.swift in Sources */ = {isa = PBXBuildFile; fileRef = 85CA418A29B25BE70018802B /* BusinessListView.swift */; };
		85CA419329B262730018802B /* Constants.swift in Sources */ = {isa = PBXBuildFile; fileRef = 85CA419229B262730018802B /* Constants.swift */; };
		85CA419F29B2799E0018802B /* Business.swift in Sources */ = {isa = PBXBuildFile; fileRef = 85CA419E29B2799E0018802B /* Business.swift */; };
		85EB7CF429B2898900B16F5E /* BusinessListViewModel.swift in Sources */ = {isa = PBXBuildFile; fileRef = 85EB7CF329B2898900B16F5E /* BusinessListViewModel.swift */; };
		85EB7CF629B289AA00B16F5E /* BusinessListCoordinator.swift in Sources */ = {isa = PBXBuildFile; fileRef = 85EB7CF529B289AA00B16F5E /* BusinessListCoordinator.swift */; };
		85EB7CF929B2E14400B16F5E /* PostDetailView.swift in Sources */ = {isa = PBXBuildFile; fileRef = 85EB7CF829B2E14400B16F5E /* PostDetailView.swift */; };
		85EB7CFB29B2E15A00B16F5E /* PostDetailViewModel.swift in Sources */ = {isa = PBXBuildFile; fileRef = 85EB7CFA29B2E15A00B16F5E /* PostDetailViewModel.swift */; };
		85EB7CFD29B2E17200B16F5E /* PostDetailCoordinator.swift in Sources */ = {isa = PBXBuildFile; fileRef = 85EB7CFC29B2E17200B16F5E /* PostDetailCoordinator.swift */; };
		85EB7CFF29B2EDB500B16F5E /* TestView.swift in Sources */ = {isa = PBXBuildFile; fileRef = 85EB7CFE29B2EDB500B16F5E /* TestView.swift */; };
		85EB7D0D29B313B000B16F5E /* RateStarsView.swift in Sources */ = {isa = PBXBuildFile; fileRef = 85EB7D0C29B313B000B16F5E /* RateStarsView.swift */; };
		85EB7D0F29B313D600B16F5E /* RateStarsViewModel.swift in Sources */ = {isa = PBXBuildFile; fileRef = 85EB7D0E29B313D600B16F5E /* RateStarsViewModel.swift */; };
		85EB7D1129B313F200B16F5E /* RateStarsCoordinator.swift in Sources */ = {isa = PBXBuildFile; fileRef = 85EB7D1029B313F200B16F5E /* RateStarsCoordinator.swift */; };
		85EB7D1829B3213400B16F5E /* RateModalView.swift in Sources */ = {isa = PBXBuildFile; fileRef = 85EB7D1529B3213400B16F5E /* RateModalView.swift */; };
/* End PBXBuildFile section */

/* Begin PBXFileReference section */
		85790D8F29B438DF00E3B87F /* ImagePicker.swift */ = {isa = PBXFileReference; lastKnownFileType = sourcecode.swift; path = ImagePicker.swift; sourceTree = "<group>"; };
		85790D9129B4390800E3B87F /* ImagePickerCoordinator.swift */ = {isa = PBXFileReference; lastKnownFileType = sourcecode.swift; path = ImagePickerCoordinator.swift; sourceTree = "<group>"; };
		85790D9629B46D5A00E3B87F /* String.swift */ = {isa = PBXFileReference; lastKnownFileType = sourcecode.swift; path = String.swift; sourceTree = "<group>"; };
		85790D9829B46E3500E3B87F /* TextFieldError.swift */ = {isa = PBXFileReference; lastKnownFileType = sourcecode.swift; path = TextFieldError.swift; sourceTree = "<group>"; };
		85790D9C29B4702300E3B87F /* ServyTextFieldView.swift */ = {isa = PBXFileReference; lastKnownFileType = sourcecode.swift; path = ServyTextFieldView.swift; sourceTree = "<group>"; };
		85790D9E29B52C2E00E3B87F /* PostImageView.swift */ = {isa = PBXFileReference; lastKnownFileType = sourcecode.swift; path = PostImageView.swift; sourceTree = "<group>"; };
		858728A829B572A4004492B3 /* ImagePickerView.swift */ = {isa = PBXFileReference; lastKnownFileType = sourcecode.swift; path = ImagePickerView.swift; sourceTree = "<group>"; };
		858728AA29B6296A004492B3 /* OpenSans_Condensed-SemiBold.ttf */ = {isa = PBXFileReference; lastKnownFileType = file; path = "OpenSans_Condensed-SemiBold.ttf"; sourceTree = "<group>"; };
		858728AB29B6296A004492B3 /* OpenSans_Condensed-Regular.ttf */ = {isa = PBXFileReference; lastKnownFileType = file; path = "OpenSans_Condensed-Regular.ttf"; sourceTree = "<group>"; };
		858728AC29B6296A004492B3 /* OpenSans_Condensed-Light.ttf */ = {isa = PBXFileReference; lastKnownFileType = file; path = "OpenSans_Condensed-Light.ttf"; sourceTree = "<group>"; };
		858728AD29B6296B004492B3 /* OpenSans_Condensed-Bold.ttf */ = {isa = PBXFileReference; lastKnownFileType = file; path = "OpenSans_Condensed-Bold.ttf"; sourceTree = "<group>"; };
		858728B229B62E5C004492B3 /* OpenSans_Condensed-ExtraBold.ttf */ = {isa = PBXFileReference; lastKnownFileType = file; path = "OpenSans_Condensed-ExtraBold.ttf"; sourceTree = "<group>"; };
		85BD7E3829B3409000623732 /* InfoView.swift */ = {isa = PBXFileReference; lastKnownFileType = sourcecode.swift; path = InfoView.swift; sourceTree = "<group>"; };
		85BD7E3B29B3427A00623732 /* PhotoView.swift */ = {isa = PBXFileReference; lastKnownFileType = sourcecode.swift; path = PhotoView.swift; sourceTree = "<group>"; };
		85BD7E3E29B345D100623732 /* PostItemView.swift */ = {isa = PBXFileReference; lastKnownFileType = sourcecode.swift; path = PostItemView.swift; sourceTree = "<group>"; };
		85BD7E4029B345FB00623732 /* PostItemViewModel.swift */ = {isa = PBXFileReference; lastKnownFileType = sourcecode.swift; path = PostItemViewModel.swift; sourceTree = "<group>"; };
		85BD7E4329B3461700623732 /* PostItemCoordinator.swift */ = {isa = PBXFileReference; lastKnownFileType = sourcecode.swift; path = PostItemCoordinator.swift; sourceTree = "<group>"; };
		85BD7E4629B3B83300623732 /* CameraView.swift */ = {isa = PBXFileReference; lastKnownFileType = sourcecode.swift; path = CameraView.swift; sourceTree = "<group>"; };
		85BD7E4829B3B85300623732 /* CameraViewModel.swift */ = {isa = PBXFileReference; lastKnownFileType = sourcecode.swift; path = CameraViewModel.swift; sourceTree = "<group>"; };
		85BD7E4A29B3B86F00623732 /* CameraCoordinator.swift */ = {isa = PBXFileReference; lastKnownFileType = sourcecode.swift; path = CameraCoordinator.swift; sourceTree = "<group>"; };
		85BD7E4F29B3C19F00623732 /* MultilineTextField.swift */ = {isa = PBXFileReference; lastKnownFileType = sourcecode.swift; path = MultilineTextField.swift; sourceTree = "<group>"; };
		85CA417729B25B010018802B /* TodoServy App.app */ = {isa = PBXFileReference; explicitFileType = wrapper.application; includeInIndex = 0; path = "TodoServy App.app"; sourceTree = BUILT_PRODUCTS_DIR; };
		85CA417A29B25B010018802B /* TodoServy_App.swift */ = {isa = PBXFileReference; lastKnownFileType = sourcecode.swift; path = TodoServy_App.swift; sourceTree = "<group>"; };
		85CA417E29B25B020018802B /* Assets.xcassets */ = {isa = PBXFileReference; lastKnownFileType = folder.assetcatalog; path = Assets.xcassets; sourceTree = "<group>"; };
		85CA418129B25B020018802B /* Preview Assets.xcassets */ = {isa = PBXFileReference; lastKnownFileType = folder.assetcatalog; path = "Preview Assets.xcassets"; sourceTree = "<group>"; };
		85CA418A29B25BE70018802B /* BusinessListView.swift */ = {isa = PBXFileReference; lastKnownFileType = sourcecode.swift; path = BusinessListView.swift; sourceTree = "<group>"; };
		85CA419129B262010018802B /* TodoServy-App-Info.plist */ = {isa = PBXFileReference; lastKnownFileType = text.plist; path = "TodoServy-App-Info.plist"; sourceTree = SOURCE_ROOT; };
		85CA419229B262730018802B /* Constants.swift */ = {isa = PBXFileReference; lastKnownFileType = sourcecode.swift; path = Constants.swift; sourceTree = "<group>"; };
		85CA419E29B2799E0018802B /* Business.swift */ = {isa = PBXFileReference; lastKnownFileType = sourcecode.swift; path = Business.swift; sourceTree = "<group>"; };
		85EB7CF329B2898900B16F5E /* BusinessListViewModel.swift */ = {isa = PBXFileReference; lastKnownFileType = sourcecode.swift; path = BusinessListViewModel.swift; sourceTree = "<group>"; };
		85EB7CF529B289AA00B16F5E /* BusinessListCoordinator.swift */ = {isa = PBXFileReference; lastKnownFileType = sourcecode.swift; path = BusinessListCoordinator.swift; sourceTree = "<group>"; };
		85EB7CF829B2E14400B16F5E /* PostDetailView.swift */ = {isa = PBXFileReference; lastKnownFileType = sourcecode.swift; path = PostDetailView.swift; sourceTree = "<group>"; };
		85EB7CFA29B2E15A00B16F5E /* PostDetailViewModel.swift */ = {isa = PBXFileReference; lastKnownFileType = sourcecode.swift; path = PostDetailViewModel.swift; sourceTree = "<group>"; };
		85EB7CFC29B2E17200B16F5E /* PostDetailCoordinator.swift */ = {isa = PBXFileReference; lastKnownFileType = sourcecode.swift; path = PostDetailCoordinator.swift; sourceTree = "<group>"; };
		85EB7CFE29B2EDB500B16F5E /* TestView.swift */ = {isa = PBXFileReference; lastKnownFileType = sourcecode.swift; path = TestView.swift; sourceTree = "<group>"; };
		85EB7D0C29B313B000B16F5E /* RateStarsView.swift */ = {isa = PBXFileReference; lastKnownFileType = sourcecode.swift; path = RateStarsView.swift; sourceTree = "<group>"; };
		85EB7D0E29B313D600B16F5E /* RateStarsViewModel.swift */ = {isa = PBXFileReference; lastKnownFileType = sourcecode.swift; path = RateStarsViewModel.swift; sourceTree = "<group>"; };
		85EB7D1029B313F200B16F5E /* RateStarsCoordinator.swift */ = {isa = PBXFileReference; lastKnownFileType = sourcecode.swift; path = RateStarsCoordinator.swift; sourceTree = "<group>"; };
		85EB7D1529B3213400B16F5E /* RateModalView.swift */ = {isa = PBXFileReference; fileEncoding = 4; lastKnownFileType = sourcecode.swift; path = RateModalView.swift; sourceTree = "<group>"; };
/* End PBXFileReference section */

/* Begin PBXFrameworksBuildPhase section */
		85CA417429B25B010018802B /* Frameworks */ = {
			isa = PBXFrameworksBuildPhase;
			buildActionMask = 2147483647;
			files = (
			);
			runOnlyForDeploymentPostprocessing = 0;
		};
/* End PBXFrameworksBuildPhase section */

/* Begin PBXGroup section */
		85790D9529B46D4D00E3B87F /* Foundation */ = {
			isa = PBXGroup;
			children = (
				85790D9629B46D5A00E3B87F /* String.swift */,
			);
			path = Foundation;
			sourceTree = "<group>";
		};
		85790D9A29B46FE700E3B87F /* Extentions */ = {
			isa = PBXGroup;
			children = (
				85790D9B29B46FFB00E3B87F /* Text fields */,
			);
			path = Extentions;
			sourceTree = "<group>";
		};
		85790D9B29B46FFB00E3B87F /* Text fields */ = {
			isa = PBXGroup;
			children = (
				857E225C29B6B7D500E5BB8E /* Multiline */,
				85BD7E4F29B3C19F00623732 /* MultilineTextField.swift */,
				85790D9829B46E3500E3B87F /* TextFieldError.swift */,
				85790D9C29B4702300E3B87F /* ServyTextFieldView.swift */,
			);
			path = "Text fields";
			sourceTree = "<group>";
		};
		857E225C29B6B7D500E5BB8E /* Multiline */ = {
			isa = PBXGroup;
			children = (
			);
			path = Multiline;
			sourceTree = "<group>";
		};
		85BD7E3729B3407600623732 /* Info */ = {
			isa = PBXGroup;
			children = (
				85BD7E3829B3409000623732 /* InfoView.swift */,
			);
			path = Info;
			sourceTree = "<group>";
		};
		85BD7E3A29B3425900623732 /* Photo */ = {
			isa = PBXGroup;
			children = (
				85BD7E3B29B3427A00623732 /* PhotoView.swift */,
			);
			path = Photo;
			sourceTree = "<group>";
		};
		85BD7E3D29B345BB00623732 /* Post Item */ = {
			isa = PBXGroup;
			children = (
				85BD7E4E29B3C0B200623732 /* Text fields */,
				85BD7E3E29B345D100623732 /* PostItemView.swift */,
				85BD7E4029B345FB00623732 /* PostItemViewModel.swift */,
				85BD7E4329B3461700623732 /* PostItemCoordinator.swift */,
				85BD7E4529B3B82300623732 /* Camera View */,
			);
			path = "Post Item";
			sourceTree = "<group>";
		};
		85BD7E4529B3B82300623732 /* Camera View */ = {
			isa = PBXGroup;
			children = (
				85BD7E5329B4195000623732 /* ImagePicker */,
				85BD7E4629B3B83300623732 /* CameraView.swift */,
				85BD7E4829B3B85300623732 /* CameraViewModel.swift */,
				85BD7E4A29B3B86F00623732 /* CameraCoordinator.swift */,
			);
			path = "Camera View";
			sourceTree = "<group>";
		};
		85BD7E4E29B3C0B200623732 /* Text fields */ = {
			isa = PBXGroup;
			children = (
				85790D9E29B52C2E00E3B87F /* PostImageView.swift */,
			);
			path = "Text fields";
			sourceTree = "<group>";
		};
		85BD7E5329B4195000623732 /* ImagePicker */ = {
			isa = PBXGroup;
			children = (
				85790D8F29B438DF00E3B87F /* ImagePicker.swift */,
				85790D9129B4390800E3B87F /* ImagePickerCoordinator.swift */,
				858728A829B572A4004492B3 /* ImagePickerView.swift */,
			);
			path = ImagePicker;
			sourceTree = "<group>";
		};
		85CA416E29B25B010018802B = {
			isa = PBXGroup;
			children = (
				85CA417929B25B010018802B /* TodoServy App */,
				85CA417829B25B010018802B /* Products */,
			);
			sourceTree = "<group>";
		};
		85CA417829B25B010018802B /* Products */ = {
			isa = PBXGroup;
			children = (
				85CA417729B25B010018802B /* TodoServy App.app */,
			);
			name = Products;
			sourceTree = "<group>";
		};
		85CA417929B25B010018802B /* TodoServy App */ = {
			isa = PBXGroup;
			children = (
				85CA417A29B25B010018802B /* TodoServy_App.swift */,
				85790D9A29B46FE700E3B87F /* Extentions */,
				85790D9529B46D4D00E3B87F /* Foundation */,
				85CA419129B262010018802B /* TodoServy-App-Info.plist */,
				85CA418C29B260AC0018802B /* Resources */,
				85CA419D29B2798B0018802B /* Models */,
				85CA418829B25B670018802B /* Scenes */,
				85CA417E29B25B020018802B /* Assets.xcassets */,
				85CA418029B25B020018802B /* Preview Content */,
			);
			path = "TodoServy App";
			sourceTree = "<group>";
		};
		85CA418029B25B020018802B /* Preview Content */ = {
			isa = PBXGroup;
			children = (
				85CA418129B25B020018802B /* Preview Assets.xcassets */,
			);
			path = "Preview Content";
			sourceTree = "<group>";
		};
		85CA418829B25B670018802B /* Scenes */ = {
			isa = PBXGroup;
			children = (
				85BD7E3D29B345BB00623732 /* Post Item */,
				85EB7D0029B2EED900B16F5E /* Test */,
				85EB7CF729B2E12600B16F5E /* PostDetail */,
				85CA418929B25BA20018802B /* Business listing */,
			);
			path = Scenes;
			sourceTree = "<group>";
		};
		85CA418929B25BA20018802B /* Business listing */ = {
			isa = PBXGroup;
			children = (
				85CA418A29B25BE70018802B /* BusinessListView.swift */,
				85EB7CF329B2898900B16F5E /* BusinessListViewModel.swift */,
				85EB7CF529B289AA00B16F5E /* BusinessListCoordinator.swift */,
			);
			path = "Business listing";
			sourceTree = "<group>";
		};
		85CA418C29B260AC0018802B /* Resources */ = {
			isa = PBXGroup;
			children = (
				85CA418D29B260BC0018802B /* Fonts */,
				85CA419229B262730018802B /* Constants.swift */,
			);
			path = Resources;
			sourceTree = "<group>";
		};
		85CA418D29B260BC0018802B /* Fonts */ = {
			isa = PBXGroup;
			children = (
				858728AD29B6296B004492B3 /* OpenSans_Condensed-Bold.ttf */,
				858728AC29B6296A004492B3 /* OpenSans_Condensed-Light.ttf */,
				858728AB29B6296A004492B3 /* OpenSans_Condensed-Regular.ttf */,
				858728AA29B6296A004492B3 /* OpenSans_Condensed-SemiBold.ttf */,
				858728B229B62E5C004492B3 /* OpenSans_Condensed-ExtraBold.ttf */,
			);
			path = Fonts;
			sourceTree = "<group>";
		};
		85CA419D29B2798B0018802B /* Models */ = {
			isa = PBXGroup;
			children = (
				85CA419E29B2799E0018802B /* Business.swift */,
			);
			path = Models;
			sourceTree = "<group>";
		};
		85EB7CF729B2E12600B16F5E /* PostDetail */ = {
			isa = PBXGroup;
			children = (
				85BD7E3A29B3425900623732 /* Photo */,
				85BD7E3729B3407600623732 /* Info */,
				85EB7D1229B3213400B16F5E /* RateModal */,
				85EB7D0B29B3139600B16F5E /* Rate Stars */,
				85EB7CF829B2E14400B16F5E /* PostDetailView.swift */,
				85EB7CFA29B2E15A00B16F5E /* PostDetailViewModel.swift */,
				85EB7CFC29B2E17200B16F5E /* PostDetailCoordinator.swift */,
			);
			path = PostDetail;
			sourceTree = "<group>";
		};
		85EB7D0029B2EED900B16F5E /* Test */ = {
			isa = PBXGroup;
			children = (
				85EB7CFE29B2EDB500B16F5E /* TestView.swift */,
			);
			path = Test;
			sourceTree = "<group>";
		};
		85EB7D0B29B3139600B16F5E /* Rate Stars */ = {
			isa = PBXGroup;
			children = (
				85EB7D0C29B313B000B16F5E /* RateStarsView.swift */,
				85EB7D0E29B313D600B16F5E /* RateStarsViewModel.swift */,
				85EB7D1029B313F200B16F5E /* RateStarsCoordinator.swift */,
			);
			path = "Rate Stars";
			sourceTree = "<group>";
		};
		85EB7D1229B3213400B16F5E /* RateModal */ = {
			isa = PBXGroup;
			children = (
				85EB7D1529B3213400B16F5E /* RateModalView.swift */,
			);
			name = RateModal;
			path = "TodoServy App/Scenes/RateModal";
			sourceTree = SOURCE_ROOT;
		};
/* End PBXGroup section */

/* Begin PBXNativeTarget section */
		85CA417629B25B010018802B /* TodoServy App */ = {
			isa = PBXNativeTarget;
			buildConfigurationList = 85CA418529B25B020018802B /* Build configuration list for PBXNativeTarget "TodoServy App" */;
			buildPhases = (
				85CA417329B25B010018802B /* Sources */,
				85CA417429B25B010018802B /* Frameworks */,
				85CA417529B25B010018802B /* Resources */,
			);
			buildRules = (
			);
			dependencies = (
			);
			name = "TodoServy App";
			productName = "TodoServy App";
			productReference = 85CA417729B25B010018802B /* TodoServy App.app */;
			productType = "com.apple.product-type.application";
		};
/* End PBXNativeTarget section */

/* Begin PBXProject section */
		85CA416F29B25B010018802B /* Project object */ = {
			isa = PBXProject;
			attributes = {
				BuildIndependentTargetsInParallel = 1;
				LastSwiftUpdateCheck = 1420;
				LastUpgradeCheck = 1420;
				TargetAttributes = {
					85CA417629B25B010018802B = {
						CreatedOnToolsVersion = 14.2;
					};
				};
			};
			buildConfigurationList = 85CA417229B25B010018802B /* Build configuration list for PBXProject "TodoServy App" */;
			compatibilityVersion = "Xcode 14.0";
			developmentRegion = en;
			hasScannedForEncodings = 0;
			knownRegions = (
				en,
				Base,
			);
			mainGroup = 85CA416E29B25B010018802B;
			productRefGroup = 85CA417829B25B010018802B /* Products */;
			projectDirPath = "";
			projectRoot = "";
			targets = (
				85CA417629B25B010018802B /* TodoServy App */,
			);
		};
/* End PBXProject section */

/* Begin PBXResourcesBuildPhase section */
		85CA417529B25B010018802B /* Resources */ = {
			isa = PBXResourcesBuildPhase;
			buildActionMask = 2147483647;
			files = (
				85CA418229B25B020018802B /* Preview Assets.xcassets in Resources */,
				858728B029B6296B004492B3 /* OpenSans_Condensed-Light.ttf in Resources */,
				858728B129B6296B004492B3 /* OpenSans_Condensed-Bold.ttf in Resources */,
				85CA417F29B25B020018802B /* Assets.xcassets in Resources */,
				858728AF29B6296B004492B3 /* OpenSans_Condensed-Regular.ttf in Resources */,
				858728AE29B6296B004492B3 /* OpenSans_Condensed-SemiBold.ttf in Resources */,
				858728B329B62E5C004492B3 /* OpenSans_Condensed-ExtraBold.ttf in Resources */,
			);
			runOnlyForDeploymentPostprocessing = 0;
		};
/* End PBXResourcesBuildPhase section */

/* Begin PBXSourcesBuildPhase section */
		85CA417329B25B010018802B /* Sources */ = {
			isa = PBXSourcesBuildPhase;
			buildActionMask = 2147483647;
			files = (
				85BD7E3F29B345D100623732 /* PostItemView.swift in Sources */,
				85EB7D0D29B313B000B16F5E /* RateStarsView.swift in Sources */,
				85EB7D1129B313F200B16F5E /* RateStarsCoordinator.swift in Sources */,
				85CA419F29B2799E0018802B /* Business.swift in Sources */,
				85BD7E4929B3B85300623732 /* CameraViewModel.swift in Sources */,
				85EB7D1829B3213400B16F5E /* RateModalView.swift in Sources */,
				85EB7CFF29B2EDB500B16F5E /* TestView.swift in Sources */,
				85BD7E4429B3461700623732 /* PostItemCoordinator.swift in Sources */,
				85790D9929B46E3500E3B87F /* TextFieldError.swift in Sources */,
				85BD7E3929B3409000623732 /* InfoView.swift in Sources */,
				85790D9729B46D5A00E3B87F /* String.swift in Sources */,
				85BD7E3C29B3427A00623732 /* PhotoView.swift in Sources */,
				85790D9229B4390800E3B87F /* ImagePickerCoordinator.swift in Sources */,
				85790D9D29B4702300E3B87F /* ServyTextFieldView.swift in Sources */,
				858728A929B572A4004492B3 /* ImagePickerView.swift in Sources */,
				85CA418B29B25BE70018802B /* BusinessListView.swift in Sources */,
				85EB7CF929B2E14400B16F5E /* PostDetailView.swift in Sources */,
				85CA417B29B25B010018802B /* TodoServy_App.swift in Sources */,
				85BD7E5029B3C19F00623732 /* MultilineTextField.swift in Sources */,
				85BD7E4129B345FB00623732 /* PostItemViewModel.swift in Sources */,
				85BD7E4B29B3B86F00623732 /* CameraCoordinator.swift in Sources */,
				85EB7CFB29B2E15A00B16F5E /* PostDetailViewModel.swift in Sources */,
				85EB7CF629B289AA00B16F5E /* BusinessListCoordinator.swift in Sources */,
				85BD7E4729B3B83300623732 /* CameraView.swift in Sources */,
				85790D9029B438DF00E3B87F /* ImagePicker.swift in Sources */,
				85EB7CF429B2898900B16F5E /* BusinessListViewModel.swift in Sources */,
				85CA419329B262730018802B /* Constants.swift in Sources */,
				85EB7CFD29B2E17200B16F5E /* PostDetailCoordinator.swift in Sources */,
				85790D9F29B52C2E00E3B87F /* PostImageView.swift in Sources */,
				85EB7D0F29B313D600B16F5E /* RateStarsViewModel.swift in Sources */,
			);
			runOnlyForDeploymentPostprocessing = 0;
		};
/* End PBXSourcesBuildPhase section */

/* Begin XCBuildConfiguration section */
		85CA418329B25B020018802B /* Debug */ = {
			isa = XCBuildConfiguration;
			buildSettings = {
				ALWAYS_SEARCH_USER_PATHS = NO;
				CLANG_ANALYZER_NONNULL = YES;
				CLANG_ANALYZER_NUMBER_OBJECT_CONVERSION = YES_AGGRESSIVE;
				CLANG_CXX_LANGUAGE_STANDARD = "gnu++20";
				CLANG_ENABLE_MODULES = YES;
				CLANG_ENABLE_OBJC_ARC = YES;
				CLANG_ENABLE_OBJC_WEAK = YES;
				CLANG_WARN_BLOCK_CAPTURE_AUTORELEASING = YES;
				CLANG_WARN_BOOL_CONVERSION = YES;
				CLANG_WARN_COMMA = YES;
				CLANG_WARN_CONSTANT_CONVERSION = YES;
				CLANG_WARN_DEPRECATED_OBJC_IMPLEMENTATIONS = YES;
				CLANG_WARN_DIRECT_OBJC_ISA_USAGE = YES_ERROR;
				CLANG_WARN_DOCUMENTATION_COMMENTS = YES;
				CLANG_WARN_EMPTY_BODY = YES;
				CLANG_WARN_ENUM_CONVERSION = YES;
				CLANG_WARN_INFINITE_RECURSION = YES;
				CLANG_WARN_INT_CONVERSION = YES;
				CLANG_WARN_NON_LITERAL_NULL_CONVERSION = YES;
				CLANG_WARN_OBJC_IMPLICIT_RETAIN_SELF = YES;
				CLANG_WARN_OBJC_LITERAL_CONVERSION = YES;
				CLANG_WARN_OBJC_ROOT_CLASS = YES_ERROR;
				CLANG_WARN_QUOTED_INCLUDE_IN_FRAMEWORK_HEADER = YES;
				CLANG_WARN_RANGE_LOOP_ANALYSIS = YES;
				CLANG_WARN_STRICT_PROTOTYPES = YES;
				CLANG_WARN_SUSPICIOUS_MOVE = YES;
				CLANG_WARN_UNGUARDED_AVAILABILITY = YES_AGGRESSIVE;
				CLANG_WARN_UNREACHABLE_CODE = YES;
				CLANG_WARN__DUPLICATE_METHOD_MATCH = YES;
				COPY_PHASE_STRIP = NO;
				DEBUG_INFORMATION_FORMAT = dwarf;
				ENABLE_STRICT_OBJC_MSGSEND = YES;
				ENABLE_TESTABILITY = YES;
				GCC_C_LANGUAGE_STANDARD = gnu11;
				GCC_DYNAMIC_NO_PIC = NO;
				GCC_NO_COMMON_BLOCKS = YES;
				GCC_OPTIMIZATION_LEVEL = 0;
				GCC_PREPROCESSOR_DEFINITIONS = (
					"DEBUG=1",
					"$(inherited)",
				);
				GCC_WARN_64_TO_32_BIT_CONVERSION = YES;
				GCC_WARN_ABOUT_RETURN_TYPE = YES_ERROR;
				GCC_WARN_UNDECLARED_SELECTOR = YES;
				GCC_WARN_UNINITIALIZED_AUTOS = YES_AGGRESSIVE;
				GCC_WARN_UNUSED_FUNCTION = YES;
				GCC_WARN_UNUSED_VARIABLE = YES;
				IPHONEOS_DEPLOYMENT_TARGET = 16.2;
				MTL_ENABLE_DEBUG_INFO = INCLUDE_SOURCE;
				MTL_FAST_MATH = YES;
				ONLY_ACTIVE_ARCH = YES;
				SDKROOT = iphoneos;
				SWIFT_ACTIVE_COMPILATION_CONDITIONS = DEBUG;
				SWIFT_OPTIMIZATION_LEVEL = "-Onone";
			};
			name = Debug;
		};
		85CA418429B25B020018802B /* Release */ = {
			isa = XCBuildConfiguration;
			buildSettings = {
				ALWAYS_SEARCH_USER_PATHS = NO;
				CLANG_ANALYZER_NONNULL = YES;
				CLANG_ANALYZER_NUMBER_OBJECT_CONVERSION = YES_AGGRESSIVE;
				CLANG_CXX_LANGUAGE_STANDARD = "gnu++20";
				CLANG_ENABLE_MODULES = YES;
				CLANG_ENABLE_OBJC_ARC = YES;
				CLANG_ENABLE_OBJC_WEAK = YES;
				CLANG_WARN_BLOCK_CAPTURE_AUTORELEASING = YES;
				CLANG_WARN_BOOL_CONVERSION = YES;
				CLANG_WARN_COMMA = YES;
				CLANG_WARN_CONSTANT_CONVERSION = YES;
				CLANG_WARN_DEPRECATED_OBJC_IMPLEMENTATIONS = YES;
				CLANG_WARN_DIRECT_OBJC_ISA_USAGE = YES_ERROR;
				CLANG_WARN_DOCUMENTATION_COMMENTS = YES;
				CLANG_WARN_EMPTY_BODY = YES;
				CLANG_WARN_ENUM_CONVERSION = YES;
				CLANG_WARN_INFINITE_RECURSION = YES;
				CLANG_WARN_INT_CONVERSION = YES;
				CLANG_WARN_NON_LITERAL_NULL_CONVERSION = YES;
				CLANG_WARN_OBJC_IMPLICIT_RETAIN_SELF = YES;
				CLANG_WARN_OBJC_LITERAL_CONVERSION = YES;
				CLANG_WARN_OBJC_ROOT_CLASS = YES_ERROR;
				CLANG_WARN_QUOTED_INCLUDE_IN_FRAMEWORK_HEADER = YES;
				CLANG_WARN_RANGE_LOOP_ANALYSIS = YES;
				CLANG_WARN_STRICT_PROTOTYPES = YES;
				CLANG_WARN_SUSPICIOUS_MOVE = YES;
				CLANG_WARN_UNGUARDED_AVAILABILITY = YES_AGGRESSIVE;
				CLANG_WARN_UNREACHABLE_CODE = YES;
				CLANG_WARN__DUPLICATE_METHOD_MATCH = YES;
				COPY_PHASE_STRIP = NO;
				DEBUG_INFORMATION_FORMAT = "dwarf-with-dsym";
				ENABLE_NS_ASSERTIONS = NO;
				ENABLE_STRICT_OBJC_MSGSEND = YES;
				GCC_C_LANGUAGE_STANDARD = gnu11;
				GCC_NO_COMMON_BLOCKS = YES;
				GCC_WARN_64_TO_32_BIT_CONVERSION = YES;
				GCC_WARN_ABOUT_RETURN_TYPE = YES_ERROR;
				GCC_WARN_UNDECLARED_SELECTOR = YES;
				GCC_WARN_UNINITIALIZED_AUTOS = YES_AGGRESSIVE;
				GCC_WARN_UNUSED_FUNCTION = YES;
				GCC_WARN_UNUSED_VARIABLE = YES;
				IPHONEOS_DEPLOYMENT_TARGET = 16.2;
				MTL_ENABLE_DEBUG_INFO = NO;
				MTL_FAST_MATH = YES;
				SDKROOT = iphoneos;
				SWIFT_COMPILATION_MODE = wholemodule;
				SWIFT_OPTIMIZATION_LEVEL = "-O";
				VALIDATE_PRODUCT = YES;
			};
			name = Release;
		};
		85CA418629B25B020018802B /* Debug */ = {
			isa = XCBuildConfiguration;
			buildSettings = {
				ASSETCATALOG_COMPILER_APPICON_NAME = AppIcon;
				ASSETCATALOG_COMPILER_GLOBAL_ACCENT_COLOR_NAME = AccentColor;
				CODE_SIGN_STYLE = Automatic;
				CURRENT_PROJECT_VERSION = 1;
				DEVELOPMENT_ASSET_PATHS = "\"TodoServy App/Preview Content\"";
				DEVELOPMENT_TEAM = D4W3226HQ5;
				ENABLE_PREVIEWS = YES;
				GENERATE_INFOPLIST_FILE = YES;
				INFOPLIST_FILE = "TodoServy-App-Info.plist";
				INFOPLIST_KEY_NSCameraUsageDescription = "";
				INFOPLIST_KEY_UIApplicationSceneManifest_Generation = YES;
				INFOPLIST_KEY_UIApplicationSupportsIndirectInputEvents = YES;
				INFOPLIST_KEY_UILaunchScreen_Generation = YES;
				INFOPLIST_KEY_UISupportedInterfaceOrientations_iPad = "UIInterfaceOrientationPortrait UIInterfaceOrientationPortraitUpsideDown UIInterfaceOrientationLandscapeLeft UIInterfaceOrientationLandscapeRight";
				INFOPLIST_KEY_UISupportedInterfaceOrientations_iPhone = "UIInterfaceOrientationPortrait UIInterfaceOrientationLandscapeLeft UIInterfaceOrientationLandscapeRight";
				LD_RUNPATH_SEARCH_PATHS = (
					"$(inherited)",
					"@executable_path/Frameworks",
				);
				MARKETING_VERSION = 1.0;
				PRODUCT_BUNDLE_IDENTIFIER = "com.myApps.thonnygeek.TodoServy-App";
				PRODUCT_NAME = "$(TARGET_NAME)";
				SWIFT_EMIT_LOC_STRINGS = YES;
				SWIFT_VERSION = 5.0;
				TARGETED_DEVICE_FAMILY = "1,2";
			};
			name = Debug;
		};
		85CA418729B25B020018802B /* Release */ = {
			isa = XCBuildConfiguration;
			buildSettings = {
				ASSETCATALOG_COMPILER_APPICON_NAME = AppIcon;
				ASSETCATALOG_COMPILER_GLOBAL_ACCENT_COLOR_NAME = AccentColor;
				CODE_SIGN_STYLE = Automatic;
				CURRENT_PROJECT_VERSION = 1;
				DEVELOPMENT_ASSET_PATHS = "\"TodoServy App/Preview Content\"";
				DEVELOPMENT_TEAM = D4W3226HQ5;
				ENABLE_PREVIEWS = YES;
				GENERATE_INFOPLIST_FILE = YES;
				INFOPLIST_FILE = "TodoServy-App-Info.plist";
				INFOPLIST_KEY_NSCameraUsageDescription = "";
				INFOPLIST_KEY_UIApplicationSceneManifest_Generation = YES;
				INFOPLIST_KEY_UIApplicationSupportsIndirectInputEvents = YES;
				INFOPLIST_KEY_UILaunchScreen_Generation = YES;
				INFOPLIST_KEY_UISupportedInterfaceOrientations_iPad = "UIInterfaceOrientationPortrait UIInterfaceOrientationPortraitUpsideDown UIInterfaceOrientationLandscapeLeft UIInterfaceOrientationLandscapeRight";
				INFOPLIST_KEY_UISupportedInterfaceOrientations_iPhone = "UIInterfaceOrientationPortrait UIInterfaceOrientationLandscapeLeft UIInterfaceOrientationLandscapeRight";
				LD_RUNPATH_SEARCH_PATHS = (
					"$(inherited)",
					"@executable_path/Frameworks",
				);
				MARKETING_VERSION = 1.0;
				PRODUCT_BUNDLE_IDENTIFIER = "com.myApps.thonnygeek.TodoServy-App";
				PRODUCT_NAME = "$(TARGET_NAME)";
				SWIFT_EMIT_LOC_STRINGS = YES;
				SWIFT_VERSION = 5.0;
				TARGETED_DEVICE_FAMILY = "1,2";
			};
			name = Release;
		};
/* End XCBuildConfiguration section */

/* Begin XCConfigurationList section */
		85CA417229B25B010018802B /* Build configuration list for PBXProject "TodoServy App" */ = {
			isa = XCConfigurationList;
			buildConfigurations = (
				85CA418329B25B020018802B /* Debug */,
				85CA418429B25B020018802B /* Release */,
			);
			defaultConfigurationIsVisible = 0;
			defaultConfigurationName = Release;
		};
		85CA418529B25B020018802B /* Build configuration list for PBXNativeTarget "TodoServy App" */ = {
			isa = XCConfigurationList;
			buildConfigurations = (
				85CA418629B25B020018802B /* Debug */,
				85CA418729B25B020018802B /* Release */,
			);
			defaultConfigurationIsVisible = 0;
			defaultConfigurationName = Release;
		};
/* End XCConfigurationList section */
	};
	rootObject = 85CA416F29B25B010018802B /* Project object */;
}
